
Microsoft Visual Studio Solution File, Format Version 11.00
# Visual Studio 2010
Project("{FAE04EC0-301F-11D3-BF4B-00C04F79EFBC}") = "Assembly-CSharp", "Assembly-CSharp.csproj", "{c95fe752-3ad2-bb23-c16d-6a9cf195afef}"
EndProject
Global
	GlobalSection(SolutionConfigurationPlatforms) = preSolution
		Debug|Any CPU = Debug|Any CPU
		Release|Any CPU = Release|Any CPU
	EndGlobalSection
	GlobalSection(ProjectConfigurationPlatforms) = postSolution
		{c95fe752-3ad2-bb23-c16d-6a9cf195afef}.Debug|Any CPU.ActiveCfg = Debug|Any CPU
		{c95fe752-3ad2-bb23-c16d-6a9cf195afef}.Debug|Any CPU.Build.0 = Debug|Any CPU
		{c95fe752-3ad2-bb23-c16d-6a9cf195afef}.Release|Any CPU.ActiveCfg = Release|Any CPU
		{c95fe752-3ad2-bb23-c16d-6a9cf195afef}.Release|Any CPU.Build.0 = Release|Any CPU
	EndGlobalSection
	GlobalSection(SolutionProperties) = preSolution
		HideSolutionNode = FALSE
	EndGlobalSection
EndGlobal
